# THIS IS AN AUTOGENERATED FILE. DO NOT EDIT THIS FILE DIRECTLY.
# yarn lockfile v1


compromise@^13.1.1:
  version "13.1.1"
  resolved "https://registry.yarnpkg.com/compromise/-/compromise-13.1.1.tgz#5466954cfe7dddd14b5f55c80f2329dcb48f4ac7"
  integrity sha512-z54eBM+qbLS2/i/lYwCqDSkUMRXP0QZWW7XsffIiWGZpJPteTRr8laAEXoa4DQM5it5tGpE08cqRa8yZKYTcUw==
  dependencies:
    efrt-unpack "2.2.0"

efrt-unpack@2.2.0:
  version "2.2.0"
  resolved "https://registry.yarnpkg.com/efrt-unpack/-/efrt-unpack-2.2.0.tgz#b05dbec0fb8cb346a27840e00c969df9c72fee52"
  integrity sha512-9xUSSj7qcUxz+0r4X3+bwUNttEfGfK5AH+LVa1aTpqdAfrN5VhROYCfcF+up4hp5OL7IUKcZJJrzAGipQRDoiQ==
